{
  "name": "src",
  "lockfileVersion": 3,
  "requires": true,
  "packages": {
    "": {
      "dependencies": {
        "@opencode-ai/cli": "^0.0.0-next-17090"
      }
    },
    "node_modules/@opencode-ai/cli": {
      "version": "0.0.0-next-17090",
      "resolved": "https://registry.npmjs.org/@opencode-ai/cli/-/cli-0.0.0-next-17090.tgz",
      "integrity": "sha512-87qLnhmjLEMzhdwDir5b4tb0kf2wQaMApSmLhZpp9NdAIPCVCyPm2r0IyT30kYPig84I7bDzefj7w0aik762ow==",
      "cpu": [
        "arm64",
        "x64"
      ],
      "hasInstallScript": true,
      "license": "MIT",
      "os": [
        "darwin",
        "linux",
        "win32"
      ],
      "bin": {
        "opencode2": "bin/opencode2.exe"
      },
      "optionalDependencies": {
        "@opencode-ai/cli-darwin-arm64": "0.0.0-next-17090",
        "@opencode-ai/cli-darwin-x64": "0.0.0-next-17090",
        "@opencode-ai/cli-darwin-x64-baseline": "0.0.0-next-17090",
        "@opencode-ai/cli-linux-arm64": "0.0.0-next-17090",
        "@opencode-ai/cli-linux-arm64-musl": "0.0.0-next-17090",
        "@opencode-ai/cli-linux-x64": "0.0.0-next-17090",
        "@opencode-ai/cli-linux-x64-baseline": "0.0.0-next-17090",
        "@opencode-ai/cli-linux-x64-baseline-musl": "0.0.0-next-17090",
        "@opencode-ai/cli-linux-x64-musl": "0.0.0-next-17090",
        "@opencode-ai/cli-windows-arm64": "0.0.0-next-17090",
        "@opencode-ai/cli-windows-x64": "0.0.0-next-17090",
        "@opencode-ai/cli-windows-x64-baseline": "0.0.0-next-17090"
      }
    },
    "node_modules/@opencode-ai/cli-darwin-arm64": {
      "version": "0.0.0-next-17090",
      "resolved": "https://registry.npmjs.org/@opencode-ai/cli-darwin-arm64/-/cli-darwin-arm64-0.0.0-next-17090.tgz",
      "integrity": "sha512-9k78ud6jj8SQFLdFUsC/XCNGvX+cgjS85tY6P88oQJ556xALYtWcSmKKpKW0WIm1GZZU7mIh6ExAIOZH/8KkHA==",
      "cpu": [
        "arm64"
      ],
      "license": "MIT",
      "optional": true,
      "os": [
        "darwin"
      ]
    },
    "node_modules/@opencode-ai/cli-darwin-x64": {
      "version": "0.0.0-next-17090",
      "resolved": "https://registry.npmjs.org/@opencode-ai/cli-darwin-x64/-/cli-darwin-x64-0.0.0-next-17090.tgz",
      "integrity": "sha512-YKy9kIfz4aef66tGQb2wmn9bt9N4U6ezJUDQFfNOwTj97hNGTUcJvAMRZGacC7ktEkTssweLB9ju3CpbJmtTtQ==",
      "cpu": [
        "x64"
      ],
      "license": "MIT",
      "optional": true,
      "os": [
        "darwin"
      ]
    },
    "node_modules/@opencode-ai/cli-darwin-x64-baseline": {
      "version": "0.0.0-next-17090",
      "resolved": "https://registry.npmjs.org/@opencode-ai/cli-darwin-x64-baseline/-/cli-darwin-x64-baseline-0.0.0-next-17090.tgz",
      "integrity": "sha512-VC3AYdu2nmGhWcUmhlBRqUCS2o4dIFbG9sroVmRR54ucXvJAi/UhEqRPsROZqd5uoJI43ybVa0roGweq8FKzdQ==",
      "cpu": [
        "x64"
      ],
      "license": "MIT",
      "optional": true,
      "os": [
        "darwin"
      ]
    },
    "node_modules/@opencode-ai/cli-linux-arm64": {
      "version": "0.0.0-next-17090",
      "resolved": "https://registry.npmjs.org/@opencode-ai/cli-linux-arm64/-/cli-linux-arm64-0.0.0-next-17090.tgz",
      "integrity": "sha512-eKcIecSzIG9wt6MFE0OSCi5T2VZFb3PszIz4JX+uAyJD5z9j3L8XOxOKzn+f5WtfoVYNCd6yYdoH7ZjGFYR0+w==",
      "cpu": [
        "arm64"
      ],
      "license": "MIT",
      "optional": true,
      "os": [
        "linux"
      ]
    },
    "node_modules/@opencode-ai/cli-linux-arm64-musl": {
      "version": "0.0.0-next-17090",
      "resolved": "https://registry.npmjs.org/@opencode-ai/cli-linux-arm64-musl/-/cli-linux-arm64-musl-0.0.0-next-17090.tgz",
      "integrity": "sha512-lSNEuWfjm/qJJu3XlyOvQMiFYqfz3TAyhFa++PNzHZkshw4KYnVBidXgxnZoRedUUwfyrqAe/2M15yNv2dMxhA==",
      "cpu": [
        "arm64"
      ],
      "license": "MIT",
      "optional": true,
      "os": [
        "linux"
      ]
    },
    "node_modules/@opencode-ai/cli-linux-x64": {
      "version": "0.0.0-next-17090",
      "resolved": "https://registry.npmjs.org/@opencode-ai/cli-linux-x64/-/cli-linux-x64-0.0.0-next-17090.tgz",
      "integrity": "sha512-J+fabLJny0dMhG1/t0rtsoZXUTTZksKdZuYEVlSljqJJ1iiK+LA1P/Kkbp1MLzMVlAVxIMP1J+r1WNumFZgkpA==",
      "cpu": [
        "x64"
      ],
      "license": "MIT",
      "optional": true,
      "os": [
        "linux"
      ]
    },
    "node_modules/@opencode-ai/cli-linux-x64-baseline": {
      "version": "0.0.0-next-17090",
      "resolved": "https://registry.npmjs.org/@opencode-ai/cli-linux-x64-baseline/-/cli-linux-x64-baseline-0.0.0-next-17090.tgz",
      "integrity": "sha512-6MLh3IvublA5lfTrFEVK1kfuBY5HPheftY2qQy7WRULqyYiAOOgTNkRXiPOyYYomxauEkzXZ50yWSmKwsp6Ihw==",
      "cpu": [
        "x64"
      ],
      "license": "MIT",
      "optional": true,
      "os": [
        "linux"
      ]
    },
    "node_modules/@opencode-ai/cli-linux-x64-baseline-musl": {
      "version": "0.0.0-next-17090",
      "resolved": "https://registry.npmjs.org/@opencode-ai/cli-linux-x64-baseline-musl/-/cli-linux-x64-baseline-musl-0.0.0-next-17090.tgz",
      "integrity": "sha512-NPPDePcrD2o+kJ3DCkDJE9bEZ/94RmUNfVIUwB33XcjDp0+cqrr+2NIiA/u1CixvTBmei2ONE/ge1NpVPLu6mg==",
      "cpu": [
        "x64"
      ],
      "license": "MIT",
      "optional": true,
      "os": [
        "linux"
      ]
    },
    "node_modules/@opencode-ai/cli-linux-x64-musl": {
      "version": "0.0.0-next-17090",
      "resolved": "https://registry.npmjs.org/@opencode-ai/cli-linux-x64-musl/-/cli-linux-x64-musl-0.0.0-next-17090.tgz",
      "integrity": "sha512-6VAxoU98h+MFjlM87RaataYGonFbS7hkoGKyb852vKaD3GuRj+CSpR0SIYZNU7iLfJ6mO9sxepr0tOsT1D88zg==",
      "cpu": [
        "x64"
      ],
      "license": "MIT",
      "optional": true,
      "os": [
        "linux"
      ]
    },
    "node_modules/@opencode-ai/cli-windows-arm64": {
      "version": "0.0.0-next-17090",
      "resolved": "https://registry.npmjs.org/@opencode-ai/cli-windows-arm64/-/cli-windows-arm64-0.0.0-next-17090.tgz",
      "integrity": "sha512-aF0Qf8n9CWi2PO+624RaByGQNkzxAD/kg+W+0ar3YQw3rd96YUt5tqOKc3eTrIjDloE4XswTrDFZYxcCu8GiYw==",
      "cpu": [
        "arm64"
      ],
      "license": "MIT",
      "optional": true,
      "os": [
        "win32"
      ]
    },
    "node_modules/@opencode-ai/cli-windows-x64": {
      "version": "0.0.0-next-17090",
      "resolved": "https://registry.npmjs.org/@opencode-ai/cli-windows-x64/-/cli-windows-x64-0.0.0-next-17090.tgz",
      "integrity": "sha512-cW9umNjcz1w/GrKl5Cn3bn4UCxOXisoJ1jDKVXlP2vWJ1i8h+K3nvKAAJavbZ/m0DlkBH3vb7WvLTjhR6GrbOQ==",
      "cpu": [
        "x64"
      ],
      "license": "MIT",
      "optional": true,
      "os": [
        "win32"
      ]
    },
    "node_modules/@opencode-ai/cli-windows-x64-baseline": {
      "version": "0.0.0-next-17090",
      "resolved": "https://registry.npmjs.org/@opencode-ai/cli-windows-x64-baseline/-/cli-windows-x64-baseline-0.0.0-next-17090.tgz",
      "integrity": "sha512-sZpuYRYPgS0407rJxzuuCQv5kekrwUS5zCVbEenSBgKlNVgT2j+sVoNj/ulcZYnx787hH5aEm+kJ7876wQn1MQ==",
      "cpu": [
        "x64"
      ],
      "license": "MIT",
      "optional": true,
      "os": [
        "win32"
      ]
    }
  }
}
